
Microsoft Visual Studio Solution File, Format Version 12.00
# Visual Studio 15
VisualStudioVersion = 15.0.26730.16
MinimumVisualStudioVersion = 10.0.40219.1
Project("{FAE04EC0-301F-11D3-BF4B-00C04F79EFBC}") = "Nurse.SocketServer", "Nurse.SocketServer\Nurse.SocketServer.csproj", "{ADE1B167-5778-47F8-BA96-05ABA69AC344}"
EndProject
Project("{FAE04EC0-301F-11D3-BF4B-00C04F79EFBC}") = "Nurse.Tests", "Nurse.Tests\Nurse.Tests.csproj", "{F036688A-A8A7-4B68-BC82-644A7C72B3F1}"
EndProject
Global
	GlobalSection(SolutionConfigurationPlatforms) = preSolution
		Debug|Any CPU = Debug|Any CPU
		Release|Any CPU = Release|Any CPU
	EndGlobalSection
	GlobalSection(ProjectConfigurationPlatforms) = postSolution
		{ADE1B167-5778-47F8-BA96-05ABA69AC344}.Debug|Any CPU.ActiveCfg = Debug|Any CPU
		{ADE1B167-5778-47F8-BA96-05ABA69AC344}.Debug|Any CPU.Build.0 = Debug|Any CPU
		{ADE1B167-5778-47F8-BA96-05ABA69AC344}.Release|Any CPU.ActiveCfg = Release|Any CPU
		{ADE1B167-5778-47F8-BA96-05ABA69AC344}.Release|Any CPU.Build.0 = Release|Any CPU
		{F036688A-A8A7-4B68-BC82-644A7C72B3F1}.Debug|Any CPU.ActiveCfg = Debug|Any CPU
		{F036688A-A8A7-4B68-BC82-644A7C72B3F1}.Debug|Any CPU.Build.0 = Debug|Any CPU
		{F036688A-A8A7-4B68-BC82-644A7C72B3F1}.Release|Any CPU.ActiveCfg = Release|Any CPU
		{F036688A-A8A7-4B68-BC82-644A7C72B3F1}.Release|Any CPU.Build.0 = Release|Any CPU
	EndGlobalSection
	GlobalSection(SolutionProperties) = preSolution
		HideSolutionNode = FALSE
	EndGlobalSection
	GlobalSection(ExtensibilityGlobals) = postSolution
		SolutionGuid = {EB67E5AD-B70E-4B2C-9352-A390AA94D235}
	EndGlobalSection
EndGlobal
